{
  "name": "deep-horizon",
  "version": "0.3.0",
  "lockfileVersion": 3,
  "requires": true,
  "packages": {
    "": {
      "name": "deep-horizon",
      "version": "0.3.0",
      "license": "MIT",
      "bin": {
        "horizon": "bin/horizon.js"
      },
      "engines": {
        "node": ">=22.18"
      }
    }
  }
}
